// !$*UTF8*$!
{
	archiveVersion = 1;
	classes = {
	};
	objectVersion = 55;
	objects = {

/* Begin PBXBuildFile section */
		54C7CE732893C2BE001A4847 /* AppDelegate.swift in Sources */ = {isa = PBXBuildFile; fileRef = 54C7CE722893C2BE001A4847 /* AppDelegate.swift */; };
		54C7CE752893C2BE001A4847 /* SceneDelegate.swift in Sources */ = {isa = PBXBuildFile; fileRef = 54C7CE742893C2BE001A4847 /* SceneDelegate.swift */; };
		54C7CE7C2893C2C0001A4847 /* Assets.xcassets in Resources */ = {isa = PBXBuildFile; fileRef = 54C7CE7B2893C2C0001A4847 /* Assets.xcassets */; };
		54C7CE7F2893C2C0001A4847 /* LaunchScreen.storyboard in Resources */ = {isa = PBXBuildFile; fileRef = 54C7CE7D2893C2C0001A4847 /* LaunchScreen.storyboard */; };
		54C7CE8A2893C2C0001A4847 /* joanMarvelMobileTestTests.swift in Sources */ = {isa = PBXBuildFile; fileRef = 54C7CE892893C2C0001A4847 /* joanMarvelMobileTestTests.swift */; };
		54C7CE942893C2C0001A4847 /* joanMarvelMobileTestUITests.swift in Sources */ = {isa = PBXBuildFile; fileRef = 54C7CE932893C2C0001A4847 /* joanMarvelMobileTestUITests.swift */; };
		54C7CE962893C2C0001A4847 /* joanMarvelMobileTestUITestsLaunchTests.swift in Sources */ = {isa = PBXBuildFile; fileRef = 54C7CE952893C2C0001A4847 /* joanMarvelMobileTestUITestsLaunchTests.swift */; };
		54C7CEAB2893C61D001A4847 /* CharactersNetworkDTO.swift in Sources */ = {isa = PBXBuildFile; fileRef = 54C7CEAA2893C61D001A4847 /* CharactersNetworkDTO.swift */; };
		54C7CEB32893DD59001A4847 /* Network.swift in Sources */ = {isa = PBXBuildFile; fileRef = 54C7CEB22893DD59001A4847 /* Network.swift */; };
		54C7CEBE2893DF88001A4847 /* HomeView.storyboard in Resources */ = {isa = PBXBuildFile; fileRef = 54C7CEBD2893DF88001A4847 /* HomeView.storyboard */; };
		54C7CEC12893DFDD001A4847 /* Container.swift in Sources */ = {isa = PBXBuildFile; fileRef = 54C7CEC02893DFDD001A4847 /* Container.swift */; };
		54C7CEC62893E027001A4847 /* HomeRouter.swift in Sources */ = {isa = PBXBuildFile; fileRef = 54C7CEC22893E027001A4847 /* HomeRouter.swift */; };
		54C7CEC72893E027001A4847 /* HomeViewController.swift in Sources */ = {isa = PBXBuildFile; fileRef = 54C7CEC32893E027001A4847 /* HomeViewController.swift */; };
		54C7CEC82893E027001A4847 /* HomeBuilder.swift in Sources */ = {isa = PBXBuildFile; fileRef = 54C7CEC42893E027001A4847 /* HomeBuilder.swift */; };
		54C7CEC92893E027001A4847 /* HomeViewModel.swift in Sources */ = {isa = PBXBuildFile; fileRef = 54C7CEC52893E027001A4847 /* HomeViewModel.swift */; };
		54C7CECB2893EBD9001A4847 /* HomeViewControllerTableView.swift in Sources */ = {isa = PBXBuildFile; fileRef = 54C7CECA2893EBD9001A4847 /* HomeViewControllerTableView.swift */; };
		54C7CECF2893EC70001A4847 /* CharacterCell.swift in Sources */ = {isa = PBXBuildFile; fileRef = 54C7CECD2893EC70001A4847 /* CharacterCell.swift */; };
		54C7CED02893EC70001A4847 /* CharacterCell.xib in Resources */ = {isa = PBXBuildFile; fileRef = 54C7CECE2893EC70001A4847 /* CharacterCell.xib */; };
		54C7CED42893FA51001A4847 /* Configuration.swift in Sources */ = {isa = PBXBuildFile; fileRef = 54C7CED32893FA51001A4847 /* Configuration.swift */; };
		54C7CED728940B85001A4847 /* AlamofireImage in Frameworks */ = {isa = PBXBuildFile; productRef = 54C7CED628940B85001A4847 /* AlamofireImage */; };
		54C7CEDD28941344001A4847 /* CharacterDetailRouter.swift in Sources */ = {isa = PBXBuildFile; fileRef = 54C7CED928941344001A4847 /* CharacterDetailRouter.swift */; };
		54C7CEDE28941344001A4847 /* CharacterDetailViewController.swift in Sources */ = {isa = PBXBuildFile; fileRef = 54C7CEDA28941344001A4847 /* CharacterDetailViewController.swift */; };
		54C7CEDF28941344001A4847 /* CharacterDetailBuilder.swift in Sources */ = {isa = PBXBuildFile; fileRef = 54C7CEDB28941344001A4847 /* CharacterDetailBuilder.swift */; };
		54C7CEE028941344001A4847 /* CharacterDetailViewModel.swift in Sources */ = {isa = PBXBuildFile; fileRef = 54C7CEDC28941344001A4847 /* CharacterDetailViewModel.swift */; };
		54C7CEE628967D05001A4847 /* CharacterDetailView.storyboard in Resources */ = {isa = PBXBuildFile; fileRef = 54C7CEE528967D05001A4847 /* CharacterDetailView.storyboard */; };
		54C7CEE92896E27A001A4847 /* SeriesDTO.swift in Sources */ = {isa = PBXBuildFile; fileRef = 54C7CEE82896E27A001A4847 /* SeriesDTO.swift */; };
		54C7CEED2896EA23001A4847 /* SeriesCell.swift in Sources */ = {isa = PBXBuildFile; fileRef = 54C7CEEB2896EA23001A4847 /* SeriesCell.swift */; };
		54C7CEEE2896EA23001A4847 /* SeriesCell.xib in Resources */ = {isa = PBXBuildFile; fileRef = 54C7CEEC2896EA23001A4847 /* SeriesCell.xib */; };
		54C7CEF02896F04E001A4847 /* CharacterDeatilViewControllerExtension.swift in Sources */ = {isa = PBXBuildFile; fileRef = 54C7CEEF2896F04E001A4847 /* CharacterDeatilViewControllerExtension.swift */; };
		54C7CEF22896F9F5001A4847 /* CellsHelper.swift in Sources */ = {isa = PBXBuildFile; fileRef = 54C7CEF12896F9F5001A4847 /* CellsHelper.swift */; };
		54C7CEF62897060B001A4847 /* loadingAnimation.json in Resources */ = {isa = PBXBuildFile; fileRef = 54C7CEF52897060B001A4847 /* loadingAnimation.json */; };
		54C7CEF928970729001A4847 /* Lottie in Frameworks */ = {isa = PBXBuildFile; productRef = 54C7CEF828970729001A4847 /* Lottie */; };
/* End PBXBuildFile section */

/* Begin PBXContainerItemProxy section */
		54C7CE862893C2C0001A4847 /* PBXContainerItemProxy */ = {
			isa = PBXContainerItemProxy;
			containerPortal = 54C7CE672893C2BE001A4847 /* Project object */;
			proxyType = 1;
			remoteGlobalIDString = 54C7CE6E2893C2BE001A4847;
			remoteInfo = joanMarvelMobileTest;
		};
		54C7CE902893C2C0001A4847 /* PBXContainerItemProxy */ = {
			isa = PBXContainerItemProxy;
			containerPortal = 54C7CE672893C2BE001A4847 /* Project object */;
			proxyType = 1;
			remoteGlobalIDString = 54C7CE6E2893C2BE001A4847;
			remoteInfo = joanMarvelMobileTest;
		};
/* End PBXContainerItemProxy section */

/* Begin PBXFileReference section */
		54C7CE6F2893C2BE001A4847 /* joanMarvelMobileTest.app */ = {isa = PBXFileReference; explicitFileType = wrapper.application; includeInIndex = 0; path = joanMarvelMobileTest.app; sourceTree = BUILT_PRODUCTS_DIR; };
		54C7CE722893C2BE001A4847 /* AppDelegate.swift */ = {isa = PBXFileReference; lastKnownFileType = sourcecode.swift; path = AppDelegate.swift; sourceTree = "<group>"; };
		54C7CE742893C2BE001A4847 /* SceneDelegate.swift */ = {isa = PBXFileReference; lastKnownFileType = sourcecode.swift; path = SceneDelegate.swift; sourceTree = "<group>"; };
		54C7CE7B2893C2C0001A4847 /* Assets.xcassets */ = {isa = PBXFileReference; lastKnownFileType = folder.assetcatalog; path = Assets.xcassets; sourceTree = "<group>"; };
		54C7CE7E2893C2C0001A4847 /* Base */ = {isa = PBXFileReference; lastKnownFileType = file.storyboard; name = Base; path = Base.lproj/LaunchScreen.storyboard; sourceTree = "<group>"; };
		54C7CE802893C2C0001A4847 /* Info.plist */ = {isa = PBXFileReference; lastKnownFileType = text.plist.xml; path = Info.plist; sourceTree = "<group>"; };
		54C7CE852893C2C0001A4847 /* joanMarvelMobileTestTests.xctest */ = {isa = PBXFileReference; explicitFileType = wrapper.cfbundle; includeInIndex = 0; path = joanMarvelMobileTestTests.xctest; sourceTree = BUILT_PRODUCTS_DIR; };
		54C7CE892893C2C0001A4847 /* joanMarvelMobileTestTests.swift */ = {isa = PBXFileReference; lastKnownFileType = sourcecode.swift; path = joanMarvelMobileTestTests.swift; sourceTree = "<group>"; };
		54C7CE8F2893C2C0001A4847 /* joanMarvelMobileTestUITests.xctest */ = {isa = PBXFileReference; explicitFileType = wrapper.cfbundle; includeInIndex = 0; path = joanMarvelMobileTestUITests.xctest; sourceTree = BUILT_PRODUCTS_DIR; };
		54C7CE932893C2C0001A4847 /* joanMarvelMobileTestUITests.swift */ = {isa = PBXFileReference; lastKnownFileType = sourcecode.swift; path = joanMarvelMobileTestUITests.swift; sourceTree = "<group>"; };
		54C7CE952893C2C0001A4847 /* joanMarvelMobileTestUITestsLaunchTests.swift */ = {isa = PBXFileReference; lastKnownFileType = sourcecode.swift; path = joanMarvelMobileTestUITestsLaunchTests.swift; sourceTree = "<group>"; };
		54C7CEAA2893C61D001A4847 /* CharactersNetworkDTO.swift */ = {isa = PBXFileReference; lastKnownFileType = sourcecode.swift; path = CharactersNetworkDTO.swift; sourceTree = "<group>"; };
		54C7CEB22893DD59001A4847 /* Network.swift */ = {isa = PBXFileReference; lastKnownFileType = sourcecode.swift; path = Network.swift; sourceTree = "<group>"; };
		54C7CEBD2893DF88001A4847 /* HomeView.storyboard */ = {isa = PBXFileReference; lastKnownFileType = file.storyboard; path = HomeView.storyboard; sourceTree = "<group>"; };
		54C7CEC02893DFDD001A4847 /* Container.swift */ = {isa = PBXFileReference; lastKnownFileType = sourcecode.swift; path = Container.swift; sourceTree = "<group>"; };
		54C7CEC22893E027001A4847 /* HomeRouter.swift */ = {isa = PBXFileReference; lastKnownFileType = sourcecode.swift; path = HomeRouter.swift; sourceTree = "<group>"; };
		54C7CEC32893E027001A4847 /* HomeViewController.swift */ = {isa = PBXFileReference; lastKnownFileType = sourcecode.swift; path = HomeViewController.swift; sourceTree = "<group>"; };
		54C7CEC42893E027001A4847 /* HomeBuilder.swift */ = {isa = PBXFileReference; lastKnownFileType = sourcecode.swift; path = HomeBuilder.swift; sourceTree = "<group>"; };
		54C7CEC52893E027001A4847 /* HomeViewModel.swift */ = {isa = PBXFileReference; lastKnownFileType = sourcecode.swift; path = HomeViewModel.swift; sourceTree = "<group>"; };
		54C7CECA2893EBD9001A4847 /* HomeViewControllerTableView.swift */ = {isa = PBXFileReference; lastKnownFileType = sourcecode.swift; path = HomeViewControllerTableView.swift; sourceTree = "<group>"; };
		54C7CECD2893EC70001A4847 /* CharacterCell.swift */ = {isa = PBXFileReference; lastKnownFileType = sourcecode.swift; path = CharacterCell.swift; sourceTree = "<group>"; };
		54C7CECE2893EC70001A4847 /* CharacterCell.xib */ = {isa = PBXFileReference; lastKnownFileType = file.xib; path = CharacterCell.xib; sourceTree = "<group>"; };
		54C7CED32893FA51001A4847 /* Configuration.swift */ = {isa = PBXFileReference; lastKnownFileType = sourcecode.swift; path = Configuration.swift; sourceTree = "<group>"; };
		54C7CED928941344001A4847 /* CharacterDetailRouter.swift */ = {isa = PBXFileReference; lastKnownFileType = sourcecode.swift; path = CharacterDetailRouter.swift; sourceTree = "<group>"; };
		54C7CEDA28941344001A4847 /* CharacterDetailViewController.swift */ = {isa = PBXFileReference; lastKnownFileType = sourcecode.swift; path = CharacterDetailViewController.swift; sourceTree = "<group>"; };
		54C7CEDB28941344001A4847 /* CharacterDetailBuilder.swift */ = {isa = PBXFileReference; lastKnownFileType = sourcecode.swift; path = CharacterDetailBuilder.swift; sourceTree = "<group>"; };
		54C7CEDC28941344001A4847 /* CharacterDetailViewModel.swift */ = {isa = PBXFileReference; lastKnownFileType = sourcecode.swift; path = CharacterDetailViewModel.swift; sourceTree = "<group>"; };
		54C7CEE528967D05001A4847 /* CharacterDetailView.storyboard */ = {isa = PBXFileReference; lastKnownFileType = file.storyboard; path = CharacterDetailView.storyboard; sourceTree = "<group>"; };
		54C7CEE82896E27A001A4847 /* SeriesDTO.swift */ = {isa = PBXFileReference; lastKnownFileType = sourcecode.swift; path = SeriesDTO.swift; sourceTree = "<group>"; };
		54C7CEEB2896EA23001A4847 /* SeriesCell.swift */ = {isa = PBXFileReference; lastKnownFileType = sourcecode.swift; path = SeriesCell.swift; sourceTree = "<group>"; };
		54C7CEEC2896EA23001A4847 /* SeriesCell.xib */ = {isa = PBXFileReference; lastKnownFileType = file.xib; path = SeriesCell.xib; sourceTree = "<group>"; };
		54C7CEEF2896F04E001A4847 /* CharacterDeatilViewControllerExtension.swift */ = {isa = PBXFileReference; lastKnownFileType = sourcecode.swift; path = CharacterDeatilViewControllerExtension.swift; sourceTree = "<group>"; };
		54C7CEF12896F9F5001A4847 /* CellsHelper.swift */ = {isa = PBXFileReference; lastKnownFileType = sourcecode.swift; path = CellsHelper.swift; sourceTree = "<group>"; };
		54C7CEF52897060B001A4847 /* loadingAnimation.json */ = {isa = PBXFileReference; fileEncoding = 4; lastKnownFileType = text.json; path = loadingAnimation.json; sourceTree = "<group>"; };
/* End PBXFileReference section */

/* Begin PBXFrameworksBuildPhase section */
		54C7CE6C2893C2BE001A4847 /* Frameworks */ = {
			isa = PBXFrameworksBuildPhase;
			buildActionMask = 2147483647;
			files = (
				54C7CED728940B85001A4847 /* AlamofireImage in Frameworks */,
				54C7CEF928970729001A4847 /* Lottie in Frameworks */,
			);
			runOnlyForDeploymentPostprocessing = 0;
		};
		54C7CE822893C2C0001A4847 /* Frameworks */ = {
			isa = PBXFrameworksBuildPhase;
			buildActionMask = 2147483647;
			files = (
			);
			runOnlyForDeploymentPostprocessing = 0;
		};
		54C7CE8C2893C2C0001A4847 /* Frameworks */ = {
			isa = PBXFrameworksBuildPhase;
			buildActionMask = 2147483647;
			files = (
			);
			runOnlyForDeploymentPostprocessing = 0;
		};
/* End PBXFrameworksBuildPhase section */

/* Begin PBXGroup section */
		54C7CE662893C2BE001A4847 = {
			isa = PBXGroup;
			children = (
				54C7CE712893C2BE001A4847 /* joanMarvelMobileTest */,
				54C7CE882893C2C0001A4847 /* joanMarvelMobileTestTests */,
				54C7CE922893C2C0001A4847 /* joanMarvelMobileTestUITests */,
				54C7CE702893C2BE001A4847 /* Products */,
			);
			sourceTree = "<group>";
		};
		54C7CE702893C2BE001A4847 /* Products */ = {
			isa = PBXGroup;
			children = (
				54C7CE6F2893C2BE001A4847 /* joanMarvelMobileTest.app */,
				54C7CE852893C2C0001A4847 /* joanMarvelMobileTestTests.xctest */,
				54C7CE8F2893C2C0001A4847 /* joanMarvelMobileTestUITests.xctest */,
			);
			name = Products;
			sourceTree = "<group>";
		};
		54C7CE712893C2BE001A4847 /* joanMarvelMobileTest */ = {
			isa = PBXGroup;
			children = (
				54C7CEA62893C5C7001A4847 /* Data */,
				54C7CEBF2893DFC9001A4847 /* DI */,
				54C7CEA22893C353001A4847 /* Presentation */,
				54C7CEF4289705B8001A4847 /* Resources */,
				54C7CE7D2893C2C0001A4847 /* LaunchScreen.storyboard */,
				54C7CE802893C2C0001A4847 /* Info.plist */,
			);
			path = joanMarvelMobileTest;
			sourceTree = "<group>";
		};
		54C7CE882893C2C0001A4847 /* joanMarvelMobileTestTests */ = {
			isa = PBXGroup;
			children = (
				54C7CE892893C2C0001A4847 /* joanMarvelMobileTestTests.swift */,
			);
			path = joanMarvelMobileTestTests;
			sourceTree = "<group>";
		};
		54C7CE922893C2C0001A4847 /* joanMarvelMobileTestUITests */ = {
			isa = PBXGroup;
			children = (
				54C7CE932893C2C0001A4847 /* joanMarvelMobileTestUITests.swift */,
				54C7CE952893C2C0001A4847 /* joanMarvelMobileTestUITestsLaunchTests.swift */,
			);
			path = joanMarvelMobileTestUITests;
			sourceTree = "<group>";
		};
		54C7CEA22893C353001A4847 /* Presentation */ = {
			isa = PBXGroup;
			children = (
				54C7CEA32893C368001A4847 /* App */,
				54C7CEA42893C36E001A4847 /* CustomElements */,
				54C7CEA52893C377001A4847 /* Modules */,
			);
			path = Presentation;
			sourceTree = "<group>";
		};
		54C7CEA32893C368001A4847 /* App */ = {
			isa = PBXGroup;
			children = (
				54C7CE722893C2BE001A4847 /* AppDelegate.swift */,
				54C7CE742893C2BE001A4847 /* SceneDelegate.swift */,
			);
			path = App;
			sourceTree = "<group>";
		};
		54C7CEA42893C36E001A4847 /* CustomElements */ = {
			isa = PBXGroup;
			children = (
				54C7CEEA2896E9F0001A4847 /* SeriesCell */,
				54C7CECC2893EC48001A4847 /* CharacterCell */,
			);
			path = CustomElements;
			sourceTree = "<group>";
		};
		54C7CEA52893C377001A4847 /* Modules */ = {
			isa = PBXGroup;
			children = (
				54C7CEF3289705A8001A4847 /* Helpers */,
				54C7CED82894127D001A4847 /* CharacterDetail */,
				54C7CEB42893DF4E001A4847 /* Home */,
			);
			path = Modules;
			sourceTree = "<group>";
		};
		54C7CEA62893C5C7001A4847 /* Data */ = {
			isa = PBXGroup;
			children = (
				54C7CEA72893C5D6001A4847 /* Network */,
				54C7CEA82893C5DC001A4847 /* DTO */,
			);
			path = Data;
			sourceTree = "<group>";
		};
		54C7CEA72893C5D6001A4847 /* Network */ = {
			isa = PBXGroup;
			children = (
				54C7CEB22893DD59001A4847 /* Network.swift */,
			);
			path = Network;
			sourceTree = "<group>";
		};
		54C7CEA82893C5DC001A4847 /* DTO */ = {
			isa = PBXGroup;
			children = (
				54C7CED32893FA51001A4847 /* Configuration.swift */,
				54C7CEA92893C5EE001A4847 /* Characters */,
				54C7CEE72896E251001A4847 /* Series */,
			);
			path = DTO;
			sourceTree = "<group>";
		};
		54C7CEA92893C5EE001A4847 /* Characters */ = {
			isa = PBXGroup;
			children = (
				54C7CEAA2893C61D001A4847 /* CharactersNetworkDTO.swift */,
			);
			path = Characters;
			sourceTree = "<group>";
		};
		54C7CEB42893DF4E001A4847 /* Home */ = {
			isa = PBXGroup;
			children = (
				54C7CEC22893E027001A4847 /* HomeRouter.swift */,
				54C7CEC32893E027001A4847 /* HomeViewController.swift */,
				54C7CEC42893E027001A4847 /* HomeBuilder.swift */,
				54C7CEC52893E027001A4847 /* HomeViewModel.swift */,
				54C7CECA2893EBD9001A4847 /* HomeViewControllerTableView.swift */,
				54C7CEBD2893DF88001A4847 /* HomeView.storyboard */,
			);
			path = Home;
			sourceTree = "<group>";
		};
		54C7CEBF2893DFC9001A4847 /* DI */ = {
			isa = PBXGroup;
			children = (
				54C7CEC02893DFDD001A4847 /* Container.swift */,
			);
			path = DI;
			sourceTree = "<group>";
		};
		54C7CECC2893EC48001A4847 /* CharacterCell */ = {
			isa = PBXGroup;
			children = (
				54C7CECD2893EC70001A4847 /* CharacterCell.swift */,
				54C7CECE2893EC70001A4847 /* CharacterCell.xib */,
			);
			path = CharacterCell;
			sourceTree = "<group>";
		};
		54C7CED82894127D001A4847 /* CharacterDetail */ = {
			isa = PBXGroup;
			children = (
				54C7CED928941344001A4847 /* CharacterDetailRouter.swift */,
				54C7CEDA28941344001A4847 /* CharacterDetailViewController.swift */,
				54C7CEDB28941344001A4847 /* CharacterDetailBuilder.swift */,
				54C7CEDC28941344001A4847 /* CharacterDetailViewModel.swift */,
				54C7CEE528967D05001A4847 /* CharacterDetailView.storyboard */,
				54C7CEEF2896F04E001A4847 /* CharacterDeatilViewControllerExtension.swift */,
			);
			path = CharacterDetail;
			sourceTree = "<group>";
		};
		54C7CEE72896E251001A4847 /* Series */ = {
			isa = PBXGroup;
			children = (
				54C7CEE82896E27A001A4847 /* SeriesDTO.swift */,
			);
			path = Series;
			sourceTree = "<group>";
		};
		54C7CEEA2896E9F0001A4847 /* SeriesCell */ = {
			isa = PBXGroup;
			children = (
				54C7CEEB2896EA23001A4847 /* SeriesCell.swift */,
				54C7CEEC2896EA23001A4847 /* SeriesCell.xib */,
			);
			path = SeriesCell;
			sourceTree = "<group>";
		};
		54C7CEF3289705A8001A4847 /* Helpers */ = {
			isa = PBXGroup;
			children = (
				54C7CEF12896F9F5001A4847 /* CellsHelper.swift */,
			);
			path = Helpers;
			sourceTree = "<group>";
		};
		54C7CEF4289705B8001A4847 /* Resources */ = {
			isa = PBXGroup;
			children = (
				54C7CEF52897060B001A4847 /* loadingAnimation.json */,
				54C7CE7B2893C2C0001A4847 /* Assets.xcassets */,
			);
			path = Resources;
			sourceTree = "<group>";
		};
/* End PBXGroup section */

/* Begin PBXNativeTarget section */
		54C7CE6E2893C2BE001A4847 /* joanMarvelMobileTest */ = {
			isa = PBXNativeTarget;
			buildConfigurationList = 54C7CE992893C2C0001A4847 /* Build configuration list for PBXNativeTarget "joanMarvelMobileTest" */;
			buildPhases = (
				54C7CE6B2893C2BE001A4847 /* Sources */,
				54C7CE6C2893C2BE001A4847 /* Frameworks */,
				54C7CE6D2893C2BE001A4847 /* Resources */,
			);
			buildRules = (
			);
			dependencies = (
			);
			name = joanMarvelMobileTest;
			packageProductDependencies = (
				54C7CED628940B85001A4847 /* AlamofireImage */,
				54C7CEF828970729001A4847 /* Lottie */,
			);
			productName = joanMarvelMobileTest;
			productReference = 54C7CE6F2893C2BE001A4847 /* joanMarvelMobileTest.app */;
			productType = "com.apple.product-type.application";
		};
		54C7CE842893C2C0001A4847 /* joanMarvelMobileTestTests */ = {
			isa = PBXNativeTarget;
			buildConfigurationList = 54C7CE9C2893C2C0001A4847 /* Build configuration list for PBXNativeTarget "joanMarvelMobileTestTests" */;
			buildPhases = (
				54C7CE812893C2C0001A4847 /* Sources */,
				54C7CE822893C2C0001A4847 /* Frameworks */,
				54C7CE832893C2C0001A4847 /* Resources */,
			);
			buildRules = (
			);
			dependencies = (
				54C7CE872893C2C0001A4847 /* PBXTargetDependency */,
			);
			name = joanMarvelMobileTestTests;
			productName = joanMarvelMobileTestTests;
			productReference = 54C7CE852893C2C0001A4847 /* joanMarvelMobileTestTests.xctest */;
			productType = "com.apple.product-type.bundle.unit-test";
		};
		54C7CE8E2893C2C0001A4847 /* joanMarvelMobileTestUITests */ = {
			isa = PBXNativeTarget;
			buildConfigurationList = 54C7CE9F2893C2C0001A4847 /* Build configuration list for PBXNativeTarget "joanMarvelMobileTestUITests" */;
			buildPhases = (
				54C7CE8B2893C2C0001A4847 /* Sources */,
				54C7CE8C2893C2C0001A4847 /* Frameworks */,
				54C7CE8D2893C2C0001A4847 /* Resources */,
			);
			buildRules = (
			);
			dependencies = (
				54C7CE912893C2C0001A4847 /* PBXTargetDependency */,
			);
			name = joanMarvelMobileTestUITests;
			productName = joanMarvelMobileTestUITests;
			productReference = 54C7CE8F2893C2C0001A4847 /* joanMarvelMobileTestUITests.xctest */;
			productType = "com.apple.product-type.bundle.ui-testing";
		};
/* End PBXNativeTarget section */

/* Begin PBXProject section */
		54C7CE672893C2BE001A4847 /* Project object */ = {
			isa = PBXProject;
			attributes = {
				BuildIndependentTargetsInParallel = 1;
				LastSwiftUpdateCheck = 1340;
				LastUpgradeCheck = 1340;
				TargetAttributes = {
					54C7CE6E2893C2BE001A4847 = {
						CreatedOnToolsVersion = 13.4.1;
					};
					54C7CE842893C2C0001A4847 = {
						CreatedOnToolsVersion = 13.4.1;
						TestTargetID = 54C7CE6E2893C2BE001A4847;
					};
					54C7CE8E2893C2C0001A4847 = {
						CreatedOnToolsVersion = 13.4.1;
						TestTargetID = 54C7CE6E2893C2BE001A4847;
					};
				};
			};
			buildConfigurationList = 54C7CE6A2893C2BE001A4847 /* Build configuration list for PBXProject "joanMarvelMobileTest" */;
			compatibilityVersion = "Xcode 13.0";
			developmentRegion = en;
			hasScannedForEncodings = 0;
			knownRegions = (
				en,
				Base,
			);
			mainGroup = 54C7CE662893C2BE001A4847;
			packageReferences = (
				54C7CED528940B85001A4847 /* XCRemoteSwiftPackageReference "AlamofireImage" */,
				54C7CEF728970729001A4847 /* XCRemoteSwiftPackageReference "lottie-ios" */,
			);
			productRefGroup = 54C7CE702893C2BE001A4847 /* Products */;
			projectDirPath = "";
			projectRoot = "";
			targets = (
				54C7CE6E2893C2BE001A4847 /* joanMarvelMobileTest */,
				54C7CE842893C2C0001A4847 /* joanMarvelMobileTestTests */,
				54C7CE8E2893C2C0001A4847 /* joanMarvelMobileTestUITests */,
			);
		};
/* End PBXProject section */

/* Begin PBXResourcesBuildPhase section */
		54C7CE6D2893C2BE001A4847 /* Resources */ = {
			isa = PBXResourcesBuildPhase;
			buildActionMask = 2147483647;
			files = (
				54C7CEBE2893DF88001A4847 /* HomeView.storyboard in Resources */,
				54C7CE7F2893C2C0001A4847 /* LaunchScreen.storyboard in Resources */,
				54C7CE7C2893C2C0001A4847 /* Assets.xcassets in Resources */,
				54C7CED02893EC70001A4847 /* CharacterCell.xib in Resources */,
				54C7CEEE2896EA23001A4847 /* SeriesCell.xib in Resources */,
				54C7CEF62897060B001A4847 /* loadingAnimation.json in Resources */,
				54C7CEE628967D05001A4847 /* CharacterDetailView.storyboard in Resources */,
			);
			runOnlyForDeploymentPostprocessing = 0;
		};
		54C7CE832893C2C0001A4847 /* Resources */ = {
			isa = PBXResourcesBuildPhase;
			buildActionMask = 2147483647;
			files = (
			);
			runOnlyForDeploymentPostprocessing = 0;
		};
		54C7CE8D2893C2C0001A4847 /* Resources */ = {
			isa = PBXResourcesBuildPhase;
			buildActionMask = 2147483647;
			files = (
			);
			runOnlyForDeploymentPostprocessing = 0;
		};
/* End PBXResourcesBuildPhase section */

/* Begin PBXSourcesBuildPhase section */
		54C7CE6B2893C2BE001A4847 /* Sources */ = {
			isa = PBXSourcesBuildPhase;
			buildActionMask = 2147483647;
			files = (
				54C7CEDD28941344001A4847 /* CharacterDetailRouter.swift in Sources */,
				54C7CEC12893DFDD001A4847 /* Container.swift in Sources */,
				54C7CEC82893E027001A4847 /* HomeBuilder.swift in Sources */,
				54C7CE732893C2BE001A4847 /* AppDelegate.swift in Sources */,
				54C7CECB2893EBD9001A4847 /* HomeViewControllerTableView.swift in Sources */,
				54C7CED42893FA51001A4847 /* Configuration.swift in Sources */,
				54C7CEC72893E027001A4847 /* HomeViewController.swift in Sources */,
				54C7CEC92893E027001A4847 /* HomeViewModel.swift in Sources */,
				54C7CECF2893EC70001A4847 /* CharacterCell.swift in Sources */,
				54C7CEDE28941344001A4847 /* CharacterDetailViewController.swift in Sources */,
				54C7CEAB2893C61D001A4847 /* CharactersNetworkDTO.swift in Sources */,
				54C7CEB32893DD59001A4847 /* Network.swift in Sources */,
				54C7CEE92896E27A001A4847 /* SeriesDTO.swift in Sources */,
				54C7CEE028941344001A4847 /* CharacterDetailViewModel.swift in Sources */,
				54C7CEED2896EA23001A4847 /* SeriesCell.swift in Sources */,
				54C7CEF22896F9F5001A4847 /* CellsHelper.swift in Sources */,
				54C7CEC62893E027001A4847 /* HomeRouter.swift in Sources */,
				54C7CEF02896F04E001A4847 /* CharacterDeatilViewControllerExtension.swift in Sources */,
				54C7CEDF28941344001A4847 /* CharacterDetailBuilder.swift in Sources */,
				54C7CE752893C2BE001A4847 /* SceneDelegate.swift in Sources */,
			);
			runOnlyForDeploymentPostprocessing = 0;
		};
		54C7CE812893C2C0001A4847 /* Sources */ = {
			isa = PBXSourcesBuildPhase;
			buildActionMask = 2147483647;
			files = (
				54C7CE8A2893C2C0001A4847 /* joanMarvelMobileTestTests.swift in Sources */,
			);
			runOnlyForDeploymentPostprocessing = 0;
		};
		54C7CE8B2893C2C0001A4847 /* Sources */ = {
			isa = PBXSourcesBuildPhase;
			buildActionMask = 2147483647;
			files = (
				54C7CE942893C2C0001A4847 /* joanMarvelMobileTestUITests.swift in Sources */,
				54C7CE962893C2C0001A4847 /* joanMarvelMobileTestUITestsLaunchTests.swift in Sources */,
			);
			runOnlyForDeploymentPostprocessing = 0;
		};
/* End PBXSourcesBuildPhase section */

/* Begin PBXTargetDependency section */
		54C7CE872893C2C0001A4847 /* PBXTargetDependency */ = {
			isa = PBXTargetDependency;
			target = 54C7CE6E2893C2BE001A4847 /* joanMarvelMobileTest */;
			targetProxy = 54C7CE862893C2C0001A4847 /* PBXContainerItemProxy */;
		};
		54C7CE912893C2C0001A4847 /* PBXTargetDependency */ = {
			isa = PBXTargetDependency;
			target = 54C7CE6E2893C2BE001A4847 /* joanMarvelMobileTest */;
			targetProxy = 54C7CE902893C2C0001A4847 /* PBXContainerItemProxy */;
		};
/* End PBXTargetDependency section */

/* Begin PBXVariantGroup section */
		54C7CE7D2893C2C0001A4847 /* LaunchScreen.storyboard */ = {
			isa = PBXVariantGroup;
			children = (
				54C7CE7E2893C2C0001A4847 /* Base */,
			);
			name = LaunchScreen.storyboard;
			sourceTree = "<group>";
		};
/* End PBXVariantGroup section */

/* Begin XCBuildConfiguration section */
		54C7CE972893C2C0001A4847 /* Debug */ = {
			isa = XCBuildConfiguration;
			buildSettings = {
				ALWAYS_SEARCH_USER_PATHS = NO;
				CLANG_ANALYZER_NONNULL = YES;
				CLANG_ANALYZER_NUMBER_OBJECT_CONVERSION = YES_AGGRESSIVE;
				CLANG_CXX_LANGUAGE_STANDARD = "gnu++17";
				CLANG_ENABLE_MODULES = YES;
				CLANG_ENABLE_OBJC_ARC = YES;
				CLANG_ENABLE_OBJC_WEAK = YES;
				CLANG_WARN_BLOCK_CAPTURE_AUTORELEASING = YES;
				CLANG_WARN_BOOL_CONVERSION = YES;
				CLANG_WARN_COMMA = YES;
				CLANG_WARN_CONSTANT_CONVERSION = YES;
				CLANG_WARN_DEPRECATED_OBJC_IMPLEMENTATIONS = YES;
				CLANG_WARN_DIRECT_OBJC_ISA_USAGE = YES_ERROR;
				CLANG_WARN_DOCUMENTATION_COMMENTS = YES;
				CLANG_WARN_EMPTY_BODY = YES;
				CLANG_WARN_ENUM_CONVERSION = YES;
				CLANG_WARN_INFINITE_RECURSION = YES;
				CLANG_WARN_INT_CONVERSION = YES;
				CLANG_WARN_NON_LITERAL_NULL_CONVERSION = YES;
				CLANG_WARN_OBJC_IMPLICIT_RETAIN_SELF = YES;
				CLANG_WARN_OBJC_LITERAL_CONVERSION = YES;
				CLANG_WARN_OBJC_ROOT_CLASS = YES_ERROR;
				CLANG_WARN_QUOTED_INCLUDE_IN_FRAMEWORK_HEADER = YES;
				CLANG_WARN_RANGE_LOOP_ANALYSIS = YES;
				CLANG_WARN_STRICT_PROTOTYPES = YES;
				CLANG_WARN_SUSPICIOUS_MOVE = YES;
				CLANG_WARN_UNGUARDED_AVAILABILITY = YES_AGGRESSIVE;
				CLANG_WARN_UNREACHABLE_CODE = YES;
				CLANG_WARN__DUPLICATE_METHOD_MATCH = YES;
				COPY_PHASE_STRIP = NO;
				DEBUG_INFORMATION_FORMAT = dwarf;
				ENABLE_STRICT_OBJC_MSGSEND = YES;
				ENABLE_TESTABILITY = YES;
				GCC_C_LANGUAGE_STANDARD = gnu11;
				GCC_DYNAMIC_NO_PIC = NO;
				GCC_NO_COMMON_BLOCKS = YES;
				GCC_OPTIMIZATION_LEVEL = 0;
				GCC_PREPROCESSOR_DEFINITIONS = (
					"DEBUG=1",
					"$(inherited)",
				);
				GCC_WARN_64_TO_32_BIT_CONVERSION = YES;
				GCC_WARN_ABOUT_RETURN_TYPE = YES_ERROR;
				GCC_WARN_UNDECLARED_SELECTOR = YES;
				GCC_WARN_UNINITIALIZED_AUTOS = YES_AGGRESSIVE;
				GCC_WARN_UNUSED_FUNCTION = YES;
				GCC_WARN_UNUSED_VARIABLE = YES;
				IPHONEOS_DEPLOYMENT_TARGET = 15.5;
				MTL_ENABLE_DEBUG_INFO = INCLUDE_SOURCE;
				MTL_FAST_MATH = YES;
				ONLY_ACTIVE_ARCH = YES;
				SDKROOT = iphoneos;
				SWIFT_ACTIVE_COMPILATION_CONDITIONS = DEBUG;
				SWIFT_OPTIMIZATION_LEVEL = "-Onone";
			};
			name = Debug;
		};
		54C7CE982893C2C0001A4847 /* Release */ = {
			isa = XCBuildConfiguration;
			buildSettings = {
				ALWAYS_SEARCH_USER_PATHS = NO;
				CLANG_ANALYZER_NONNULL = YES;
				CLANG_ANALYZER_NUMBER_OBJECT_CONVERSION = YES_AGGRESSIVE;
				CLANG_CXX_LANGUAGE_STANDARD = "gnu++17";
				CLANG_ENABLE_MODULES = YES;
				CLANG_ENABLE_OBJC_ARC = YES;
				CLANG_ENABLE_OBJC_WEAK = YES;
				CLANG_WARN_BLOCK_CAPTURE_AUTORELEASING = YES;
				CLANG_WARN_BOOL_CONVERSION = YES;
				CLANG_WARN_COMMA = YES;
				CLANG_WARN_CONSTANT_CONVERSION = YES;
				CLANG_WARN_DEPRECATED_OBJC_IMPLEMENTATIONS = YES;
				CLANG_WARN_DIRECT_OBJC_ISA_USAGE = YES_ERROR;
				CLANG_WARN_DOCUMENTATION_COMMENTS = YES;
				CLANG_WARN_EMPTY_BODY = YES;
				CLANG_WARN_ENUM_CONVERSION = YES;
				CLANG_WARN_INFINITE_RECURSION = YES;
				CLANG_WARN_INT_CONVERSION = YES;
				CLANG_WARN_NON_LITERAL_NULL_CONVERSION = YES;
				CLANG_WARN_OBJC_IMPLICIT_RETAIN_SELF = YES;
				CLANG_WARN_OBJC_LITERAL_CONVERSION = YES;
				CLANG_WARN_OBJC_ROOT_CLASS = YES_ERROR;
				CLANG_WARN_QUOTED_INCLUDE_IN_FRAMEWORK_HEADER = YES;
				CLANG_WARN_RANGE_LOOP_ANALYSIS = YES;
				CLANG_WARN_STRICT_PROTOTYPES = YES;
				CLANG_WARN_SUSPICIOUS_MOVE = YES;
				CLANG_WARN_UNGUARDED_AVAILABILITY = YES_AGGRESSIVE;
				CLANG_WARN_UNREACHABLE_CODE = YES;
				CLANG_WARN__DUPLICATE_METHOD_MATCH = YES;
				COPY_PHASE_STRIP = NO;
				DEBUG_INFORMATION_FORMAT = "dwarf-with-dsym";
				ENABLE_NS_ASSERTIONS = NO;
				ENABLE_STRICT_OBJC_MSGSEND = YES;
				GCC_C_LANGUAGE_STANDARD = gnu11;
				GCC_NO_COMMON_BLOCKS = YES;
				GCC_WARN_64_TO_32_BIT_CONVERSION = YES;
				GCC_WARN_ABOUT_RETURN_TYPE = YES_ERROR;
				GCC_WARN_UNDECLARED_SELECTOR = YES;
				GCC_WARN_UNINITIALIZED_AUTOS = YES_AGGRESSIVE;
				GCC_WARN_UNUSED_FUNCTION = YES;
				GCC_WARN_UNUSED_VARIABLE = YES;
				IPHONEOS_DEPLOYMENT_TARGET = 15.5;
				MTL_ENABLE_DEBUG_INFO = NO;
				MTL_FAST_MATH = YES;
				SDKROOT = iphoneos;
				SWIFT_COMPILATION_MODE = wholemodule;
				SWIFT_OPTIMIZATION_LEVEL = "-O";
				VALIDATE_PRODUCT = YES;
			};
			name = Release;
		};
		54C7CE9A2893C2C0001A4847 /* Debug */ = {
			isa = XCBuildConfiguration;
			buildSettings = {
				ASSETCATALOG_COMPILER_APPICON_NAME = AppIcon;
				ASSETCATALOG_COMPILER_GLOBAL_ACCENT_COLOR_NAME = AccentColor;
				CODE_SIGN_STYLE = Automatic;
				CURRENT_PROJECT_VERSION = 1;
				DEVELOPMENT_TEAM = 9C869YVJ3K;
				GENERATE_INFOPLIST_FILE = YES;
				INFOPLIST_FILE = joanMarvelMobileTest/Info.plist;
				INFOPLIST_KEY_UIApplicationSupportsIndirectInputEvents = YES;
				INFOPLIST_KEY_UILaunchStoryboardName = LaunchScreen;
				INFOPLIST_KEY_UIMainStoryboardFile = HomeView;
				INFOPLIST_KEY_UISupportedInterfaceOrientations_iPad = "UIInterfaceOrientationPortrait UIInterfaceOrientationPortraitUpsideDown UIInterfaceOrientationLandscapeLeft UIInterfaceOrientationLandscapeRight";
				INFOPLIST_KEY_UISupportedInterfaceOrientations_iPhone = "UIInterfaceOrientationPortrait UIInterfaceOrientationLandscapeLeft UIInterfaceOrientationLandscapeRight";
				IPHONEOS_DEPLOYMENT_TARGET = 15.0;
				LD_RUNPATH_SEARCH_PATHS = (
					"$(inherited)",
					"@executable_path/Frameworks",
				);
				MARKETING_VERSION = 1.0;
				PRODUCT_BUNDLE_IDENTIFIER = com.joanMarvel.ios.joanMarvelMobileTest;
				PRODUCT_NAME = "$(TARGET_NAME)";
				SWIFT_EMIT_LOC_STRINGS = YES;
				SWIFT_VERSION = 5.0;
				TARGETED_DEVICE_FAMILY = "1,2";
			};
			name = Debug;
		};
		54C7CE9B2893C2C0001A4847 /* Release */ = {
			isa = XCBuildConfiguration;
			buildSettings = {
				ASSETCATALOG_COMPILER_APPICON_NAME = AppIcon;
				ASSETCATALOG_COMPILER_GLOBAL_ACCENT_COLOR_NAME = AccentColor;
				CODE_SIGN_STYLE = Automatic;
				CURRENT_PROJECT_VERSION = 1;
				DEVELOPMENT_TEAM = 9C869YVJ3K;
				GENERATE_INFOPLIST_FILE = YES;
				INFOPLIST_FILE = joanMarvelMobileTest/Info.plist;
				INFOPLIST_KEY_UIApplicationSupportsIndirectInputEvents = YES;
				INFOPLIST_KEY_UILaunchStoryboardName = LaunchScreen;
				INFOPLIST_KEY_UIMainStoryboardFile = HomeView;
				INFOPLIST_KEY_UISupportedInterfaceOrientations_iPad = "UIInterfaceOrientationPortrait UIInterfaceOrientationPortraitUpsideDown UIInterfaceOrientationLandscapeLeft UIInterfaceOrientationLandscapeRight";
				INFOPLIST_KEY_UISupportedInterfaceOrientations_iPhone = "UIInterfaceOrientationPortrait UIInterfaceOrientationLandscapeLeft UIInterfaceOrientationLandscapeRight";
				IPHONEOS_DEPLOYMENT_TARGET = 15.0;
				LD_RUNPATH_SEARCH_PATHS = (
					"$(inherited)",
					"@executable_path/Frameworks",
				);
				MARKETING_VERSION = 1.0;
				PRODUCT_BUNDLE_IDENTIFIER = com.joanMarvel.ios.joanMarvelMobileTest;
				PRODUCT_NAME = "$(TARGET_NAME)";
				SWIFT_EMIT_LOC_STRINGS = YES;
				SWIFT_VERSION = 5.0;
				TARGETED_DEVICE_FAMILY = "1,2";
			};
			name = Release;
		};
		54C7CE9D2893C2C0001A4847 /* Debug */ = {
			isa = XCBuildConfiguration;
			buildSettings = {
				ALWAYS_EMBED_SWIFT_STANDARD_LIBRARIES = YES;
				BUNDLE_LOADER = "$(TEST_HOST)";
				CODE_SIGN_STYLE = Automatic;
				CURRENT_PROJECT_VERSION = 1;
				DEVELOPMENT_TEAM = 9C869YVJ3K;
				GENERATE_INFOPLIST_FILE = YES;
				IPHONEOS_DEPLOYMENT_TARGET = 15.5;
				MARKETING_VERSION = 1.0;
				PRODUCT_BUNDLE_IDENTIFIER = com.joanMarvel.ios.joanMarvelMobileTestTests;
				PRODUCT_NAME = "$(TARGET_NAME)";
				SWIFT_EMIT_LOC_STRINGS = NO;
				SWIFT_VERSION = 5.0;
				TARGETED_DEVICE_FAMILY = "1,2";
				TEST_HOST = "$(BUILT_PRODUCTS_DIR)/joanMarvelMobileTest.app/joanMarvelMobileTest";
			};
			name = Debug;
		};
		54C7CE9E2893C2C0001A4847 /* Release */ = {
			isa = XCBuildConfiguration;
			buildSettings = {
				ALWAYS_EMBED_SWIFT_STANDARD_LIBRARIES = YES;
				BUNDLE_LOADER = "$(TEST_HOST)";
				CODE_SIGN_STYLE = Automatic;
				CURRENT_PROJECT_VERSION = 1;
				DEVELOPMENT_TEAM = 9C869YVJ3K;
				GENERATE_INFOPLIST_FILE = YES;
				IPHONEOS_DEPLOYMENT_TARGET = 15.5;
				MARKETING_VERSION = 1.0;
				PRODUCT_BUNDLE_IDENTIFIER = com.joanMarvel.ios.joanMarvelMobileTestTests;
				PRODUCT_NAME = "$(TARGET_NAME)";
				SWIFT_EMIT_LOC_STRINGS = NO;
				SWIFT_VERSION = 5.0;
				TARGETED_DEVICE_FAMILY = "1,2";
				TEST_HOST = "$(BUILT_PRODUCTS_DIR)/joanMarvelMobileTest.app/joanMarvelMobileTest";
			};
			name = Release;
		};
		54C7CEA02893C2C0001A4847 /* Debug */ = {
			isa = XCBuildConfiguration;
			buildSettings = {
				ALWAYS_EMBED_SWIFT_STANDARD_LIBRARIES = YES;
				CODE_SIGN_STYLE = Automatic;
				CURRENT_PROJECT_VERSION = 1;
				DEVELOPMENT_TEAM = 9C869YVJ3K;
				GENERATE_INFOPLIST_FILE = YES;
				MARKETING_VERSION = 1.0;
				PRODUCT_BUNDLE_IDENTIFIER = com.joanMarvel.ios.joanMarvelMobileTestUITests;
				PRODUCT_NAME = "$(TARGET_NAME)";
				SWIFT_EMIT_LOC_STRINGS = NO;
				SWIFT_VERSION = 5.0;
				TARGETED_DEVICE_FAMILY = "1,2";
				TEST_TARGET_NAME = joanMarvelMobileTest;
			};
			name = Debug;
		};
		54C7CEA12893C2C0001A4847 /* Release */ = {
			isa = XCBuildConfiguration;
			buildSettings = {
				ALWAYS_EMBED_SWIFT_STANDARD_LIBRARIES = YES;
				CODE_SIGN_STYLE = Automatic;
				CURRENT_PROJECT_VERSION = 1;
				DEVELOPMENT_TEAM = 9C869YVJ3K;
				GENERATE_INFOPLIST_FILE = YES;
				MARKETING_VERSION = 1.0;
				PRODUCT_BUNDLE_IDENTIFIER = com.joanMarvel.ios.joanMarvelMobileTestUITests;
				PRODUCT_NAME = "$(TARGET_NAME)";
				SWIFT_EMIT_LOC_STRINGS = NO;
				SWIFT_VERSION = 5.0;
				TARGETED_DEVICE_FAMILY = "1,2";
				TEST_TARGET_NAME = joanMarvelMobileTest;
			};
			name = Release;
		};
/* End XCBuildConfiguration section */

/* Begin XCConfigurationList section */
		54C7CE6A2893C2BE001A4847 /* Build configuration list for PBXProject "joanMarvelMobileTest" */ = {
			isa = XCConfigurationList;
			buildConfigurations = (
				54C7CE972893C2C0001A4847 /* Debug */,
				54C7CE982893C2C0001A4847 /* Release */,
			);
			defaultConfigurationIsVisible = 0;
			defaultConfigurationName = Release;
		};
		54C7CE992893C2C0001A4847 /* Build configuration list for PBXNativeTarget "joanMarvelMobileTest" */ = {
			isa = XCConfigurationList;
			buildConfigurations = (
				54C7CE9A2893C2C0001A4847 /* Debug */,
				54C7CE9B2893C2C0001A4847 /* Release */,
			);
			defaultConfigurationIsVisible = 0;
			defaultConfigurationName = Release;
		};
		54C7CE9C2893C2C0001A4847 /* Build configuration list for PBXNativeTarget "joanMarvelMobileTestTests" */ = {
			isa = XCConfigurationList;
			buildConfigurations = (
				54C7CE9D2893C2C0001A4847 /* Debug */,
				54C7CE9E2893C2C0001A4847 /* Release */,
			);
			defaultConfigurationIsVisible = 0;
			defaultConfigurationName = Release;
		};
		54C7CE9F2893C2C0001A4847 /* Build configuration list for PBXNativeTarget "joanMarvelMobileTestUITests" */ = {
			isa = XCConfigurationList;
			buildConfigurations = (
				54C7CEA02893C2C0001A4847 /* Debug */,
				54C7CEA12893C2C0001A4847 /* Release */,
			);
			defaultConfigurationIsVisible = 0;
			defaultConfigurationName = Release;
		};
/* End XCConfigurationList section */

/* Begin XCRemoteSwiftPackageReference section */
		54C7CED528940B85001A4847 /* XCRemoteSwiftPackageReference "AlamofireImage" */ = {
			isa = XCRemoteSwiftPackageReference;
			repositoryURL = "https://github.com/Alamofire/AlamofireImage.git";
			requirement = {
				kind = upToNextMajorVersion;
				minimumVersion = 4.0.0;
			};
		};
		54C7CEF728970729001A4847 /* XCRemoteSwiftPackageReference "lottie-ios" */ = {
			isa = XCRemoteSwiftPackageReference;
			repositoryURL = "https://github.com/airbnb/lottie-ios";
			requirement = {
				kind = upToNextMajorVersion;
				minimumVersion = 3.0.0;
			};
		};
/* End XCRemoteSwiftPackageReference section */

/* Begin XCSwiftPackageProductDependency section */
		54C7CED628940B85001A4847 /* AlamofireImage */ = {
			isa = XCSwiftPackageProductDependency;
			package = 54C7CED528940B85001A4847 /* XCRemoteSwiftPackageReference "AlamofireImage" */;
			productName = AlamofireImage;
		};
		54C7CEF828970729001A4847 /* Lottie */ = {
			isa = XCSwiftPackageProductDependency;
			package = 54C7CEF728970729001A4847 /* XCRemoteSwiftPackageReference "lottie-ios" */;
			productName = Lottie;
		};
/* End XCSwiftPackageProductDependency section */
	};
	rootObject = 54C7CE672893C2BE001A4847 /* Project object */;
}
